
Microsoft Visual Studio Solution File, Format Version 12.00
# Visual Studio Version 17
VisualStudioVersion = 17.12.35707.178 d17.12
MinimumVisualStudioVersion = 10.0.40219.1
Project("{FAE04EC0-301F-11D3-BF4B-00C04F79EFBC}") = "Prakt.2025", "Prakt.2025\Prakt.2025.csproj", "{BDB75ECF-CADF-4D4E-A0FC-D7F21F665232}"
EndProject
Global
	GlobalSection(SolutionConfigurationPlatforms) = preSolution
		Debug|Any CPU = Debug|Any CPU
		Release|Any CPU = Release|Any CPU
	EndGlobalSection
	GlobalSection(ProjectConfigurationPlatforms) = postSolution
		{BDB75ECF-CADF-4D4E-A0FC-D7F21F665232}.Debug|Any CPU.ActiveCfg = Debug|Any CPU
		{BDB75ECF-CADF-4D4E-A0FC-D7F21F665232}.Debug|Any CPU.Build.0 = Debug|Any CPU
		{BDB75ECF-CADF-4D4E-A0FC-D7F21F665232}.Release|Any CPU.ActiveCfg = Release|Any CPU
		{BDB75ECF-CADF-4D4E-A0FC-D7F21F665232}.Release|Any CPU.Build.0 = Release|Any CPU
	EndGlobalSection
	GlobalSection(SolutionProperties) = preSolution
		HideSolutionNode = FALSE
	EndGlobalSection
EndGlobal
